Microsoft Visual Studio Solution File, Format Version 12.00
# Visual Studio Version 17
VisualStudioVersion = 17.5.2.0
MinimumVisualStudioVersion = 10.0.40219.1
Project("{FAE04EC0-301F-11D3-BF4B-00C04F79EFBC}") = "cqs", "cqs\cqs.csproj", "{78328F01-C862-C6BF-9066-A028D225794C}"
EndProject
Project("{FAE04EC0-301F-11D3-BF4B-00C04F79EFBC}") = "domain", "domain\domain.csproj", "{E528BBC3-1C26-8C35-F682-23718816ADCD}"
EndProject
Project("{FAE04EC0-301F-11D3-BF4B-00C04F79EFBC}") = "dal", "dal\dal.csproj", "{12357D34-2A02-1ECD-BC6C-D84ADDC1A72E}"
EndProject
Project("{FAE04EC0-301F-11D3-BF4B-00C04F79EFBC}") = "api", "api\api.csproj", "{711832B6-1D11-42B8-A4CA-CC1BA54292A7}"
EndProject
Project("{FAE04EC0-301F-11D3-BF4B-00C04F79EFBC}") = "exception", "exception\exception.csproj", "{1E251221-F6CD-4A72-A435-5F0FEDE2322F}"
EndProject
Project("{FAE04EC0-301F-11D3-BF4B-00C04F79EFBC}") = "blazor", "blazor\blazor.csproj", "{5EA3F753-2EAC-45F4-9CF7-5AEBC00540B3}"
EndProject
Global
	GlobalSection(SolutionConfigurationPlatforms) = preSolution
		Debug|Any CPU = Debug|Any CPU
		Release|Any CPU = Release|Any CPU
	EndGlobalSection
	GlobalSection(ProjectConfigurationPlatforms) = postSolution
		{CBFA08EA-AECE-205F-7B85-326FD0B81BAD}.Debug|Any CPU.ActiveCfg = Debug|Any CPU
		{CBFA08EA-AECE-205F-7B85-326FD0B81BAD}.Debug|Any CPU.Build.0 = Debug|Any CPU
		{CBFA08EA-AECE-205F-7B85-326FD0B81BAD}.Release|Any CPU.ActiveCfg = Release|Any CPU
		{CBFA08EA-AECE-205F-7B85-326FD0B81BAD}.Release|Any CPU.Build.0 = Release|Any CPU
		{78328F01-C862-C6BF-9066-A028D225794C}.Debug|Any CPU.ActiveCfg = Debug|Any CPU
		{78328F01-C862-C6BF-9066-A028D225794C}.Debug|Any CPU.Build.0 = Debug|Any CPU
		{78328F01-C862-C6BF-9066-A028D225794C}.Release|Any CPU.ActiveCfg = Release|Any CPU
		{78328F01-C862-C6BF-9066-A028D225794C}.Release|Any CPU.Build.0 = Release|Any CPU
		{E528BBC3-1C26-8C35-F682-23718816ADCD}.Debug|Any CPU.ActiveCfg = Debug|Any CPU
		{E528BBC3-1C26-8C35-F682-23718816ADCD}.Debug|Any CPU.Build.0 = Debug|Any CPU
		{E528BBC3-1C26-8C35-F682-23718816ADCD}.Release|Any CPU.ActiveCfg = Release|Any CPU
		{E528BBC3-1C26-8C35-F682-23718816ADCD}.Release|Any CPU.Build.0 = Release|Any CPU
		{12357D34-2A02-1ECD-BC6C-D84ADDC1A72E}.Debug|Any CPU.ActiveCfg = Debug|Any CPU
		{12357D34-2A02-1ECD-BC6C-D84ADDC1A72E}.Debug|Any CPU.Build.0 = Debug|Any CPU
		{12357D34-2A02-1ECD-BC6C-D84ADDC1A72E}.Release|Any CPU.ActiveCfg = Release|Any CPU
		{12357D34-2A02-1ECD-BC6C-D84ADDC1A72E}.Release|Any CPU.Build.0 = Release|Any CPU
		{711832B6-1D11-42B8-A4CA-CC1BA54292A7}.Debug|Any CPU.ActiveCfg = Debug|Any CPU
		{711832B6-1D11-42B8-A4CA-CC1BA54292A7}.Debug|Any CPU.Build.0 = Debug|Any CPU
		{711832B6-1D11-42B8-A4CA-CC1BA54292A7}.Release|Any CPU.ActiveCfg = Release|Any CPU
		{711832B6-1D11-42B8-A4CA-CC1BA54292A7}.Release|Any CPU.Build.0 = Release|Any CPU
		{1E251221-F6CD-4A72-A435-5F0FEDE2322F}.Debug|Any CPU.ActiveCfg = Debug|Any CPU
		{1E251221-F6CD-4A72-A435-5F0FEDE2322F}.Debug|Any CPU.Build.0 = Debug|Any CPU
		{1E251221-F6CD-4A72-A435-5F0FEDE2322F}.Release|Any CPU.ActiveCfg = Release|Any CPU
		{1E251221-F6CD-4A72-A435-5F0FEDE2322F}.Release|Any CPU.Build.0 = Release|Any CPU
		{5EA3F753-2EAC-45F4-9CF7-5AEBC00540B3}.Debug|Any CPU.ActiveCfg = Debug|Any CPU
		{5EA3F753-2EAC-45F4-9CF7-5AEBC00540B3}.Debug|Any CPU.Build.0 = Debug|Any CPU
		{5EA3F753-2EAC-45F4-9CF7-5AEBC00540B3}.Release|Any CPU.ActiveCfg = Release|Any CPU
		{5EA3F753-2EAC-45F4-9CF7-5AEBC00540B3}.Release|Any CPU.Build.0 = Release|Any CPU
	EndGlobalSection
	GlobalSection(SolutionProperties) = preSolution
		HideSolutionNode = FALSE
	EndGlobalSection
	GlobalSection(ExtensibilityGlobals) = postSolution
		SolutionGuid = {75C13E14-4AD0-4F0C-9078-66DF216177AE}
	EndGlobalSection
EndGlobal
